// !$*UTF8*$!
{
	archiveVersion = 1;
	classes = {
	};
	objectVersion = 56;
	objects = {

/* Begin PBXBuildFile section */
		E77CDB502C4FEAC0001658D1 /* TrackerCollectionViewCell.swift in Sources */ = {isa = PBXBuildFile; fileRef = E77CDB4F2C4FEAC0001658D1 /* TrackerCollectionViewCell.swift */; };
		E77CDB532C4FF8B8001658D1 /* TrackerCollectionViewHeader.swift in Sources */ = {isa = PBXBuildFile; fileRef = E77CDB522C4FF8B8001658D1 /* TrackerCollectionViewHeader.swift */; };
		E77CDB552C5110E6001658D1 /* CollectionParameters.swift in Sources */ = {isa = PBXBuildFile; fileRef = E77CDB542C5110E6001658D1 /* CollectionParameters.swift */; };
		E77CDB582C514BC4001658D1 /* CreateNewTrackerViewController.swift in Sources */ = {isa = PBXBuildFile; fileRef = E77CDB572C514BC4001658D1 /* CreateNewTrackerViewController.swift */; };
		E77CDB5B2C51556F001658D1 /* CreateNewTrackerDelegate.swift in Sources */ = {isa = PBXBuildFile; fileRef = E77CDB5A2C51556F001658D1 /* CreateNewTrackerDelegate.swift */; };
		E77CDB5E2C5155C4001658D1 /* TrackerViewControllerDelegate.swift in Sources */ = {isa = PBXBuildFile; fileRef = E77CDB5D2C5155C4001658D1 /* TrackerViewControllerDelegate.swift */; };
		E77CDB612C523C80001658D1 /* CreateNewHabitViewController.swift in Sources */ = {isa = PBXBuildFile; fileRef = E77CDB602C523C80001658D1 /* CreateNewHabitViewController.swift */; };
		E77CDB642C523D6F001658D1 /* TrackerViewControllerProtocol.swift in Sources */ = {isa = PBXBuildFile; fileRef = E77CDB632C523D6F001658D1 /* TrackerViewControllerProtocol.swift */; };
		E77CDB672C523F1B001658D1 /* CreateNewTrackerProtocol.swift in Sources */ = {isa = PBXBuildFile; fileRef = E77CDB662C523F1B001658D1 /* CreateNewTrackerProtocol.swift */; };
		E77CDB6A2C5277BC001658D1 /* SettingsTableCell.swift in Sources */ = {isa = PBXBuildFile; fileRef = E77CDB692C5277BC001658D1 /* SettingsTableCell.swift */; };
		E77CDB6D2C527A21001658D1 /* SettingsOptions.swift in Sources */ = {isa = PBXBuildFile; fileRef = E77CDB6C2C527A21001658D1 /* SettingsOptions.swift */; };
		E77CDB702C53DBBB001658D1 /* CategoryViewController.swift in Sources */ = {isa = PBXBuildFile; fileRef = E77CDB6F2C53DBBB001658D1 /* CategoryViewController.swift */; };
		E77CDB732C53DC59001658D1 /* CreateNewHabitProtocol.swift in Sources */ = {isa = PBXBuildFile; fileRef = E77CDB722C53DC59001658D1 /* CreateNewHabitProtocol.swift */; };
		E77CDB762C53DD38001658D1 /* CreateNewHabitDelegate.swift in Sources */ = {isa = PBXBuildFile; fileRef = E77CDB752C53DD38001658D1 /* CreateNewHabitDelegate.swift */; };
		E77CDB792C54F456001658D1 /* CreateCategoryViewController.swift in Sources */ = {isa = PBXBuildFile; fileRef = E77CDB782C54F456001658D1 /* CreateCategoryViewController.swift */; };
		E77CDB7C2C54F593001658D1 /* CategoryViewControllerProtocol.swift in Sources */ = {isa = PBXBuildFile; fileRef = E77CDB7B2C54F593001658D1 /* CategoryViewControllerProtocol.swift */; };
		E77CDB7F2C54F61F001658D1 /* CategoryDelegate.swift in Sources */ = {isa = PBXBuildFile; fileRef = E77CDB7E2C54F61F001658D1 /* CategoryDelegate.swift */; };
		E77CDB822C54F995001658D1 /* CategoryService.swift in Sources */ = {isa = PBXBuildFile; fileRef = E77CDB812C54F995001658D1 /* CategoryService.swift */; };
		E77CDB852C55044F001658D1 /* CategoryTableCell.swift in Sources */ = {isa = PBXBuildFile; fileRef = E77CDB842C55044F001658D1 /* CategoryTableCell.swift */; };
		E77CDB882C56A449001658D1 /* ScheduleViewController.swift in Sources */ = {isa = PBXBuildFile; fileRef = E77CDB872C56A449001658D1 /* ScheduleViewController.swift */; };
		E77CDB8B2C56AA21001658D1 /* ScheduleTableCell.swift in Sources */ = {isa = PBXBuildFile; fileRef = E77CDB8A2C56AA21001658D1 /* ScheduleTableCell.swift */; };
		E77CDB8E2C56ACD1001658D1 /* WeekDay.swift in Sources */ = {isa = PBXBuildFile; fileRef = E77CDB8D2C56ACD1001658D1 /* WeekDay.swift */; };
		E77CDB912C56ACF1001658D1 /* ScheduleTableCellDelegate.swift in Sources */ = {isa = PBXBuildFile; fileRef = E77CDB902C56ACF1001658D1 /* ScheduleTableCellDelegate.swift */; };
		E77CDB942C58EA86001658D1 /* EmojiCollectionView.swift in Sources */ = {isa = PBXBuildFile; fileRef = E77CDB932C58EA86001658D1 /* EmojiCollectionView.swift */; };
		E77CDB962C58EADC001658D1 /* EmojiCollectionViewCell.swift in Sources */ = {isa = PBXBuildFile; fileRef = E77CDB952C58EADC001658D1 /* EmojiCollectionViewCell.swift */; };
		E77CDB982C58ED26001658D1 /* EmojiCollectionHeaderView.swift in Sources */ = {isa = PBXBuildFile; fileRef = E77CDB972C58ED26001658D1 /* EmojiCollectionHeaderView.swift */; };
		E7FE427C2C4E90C300FE725A /* AppDelegate.swift in Sources */ = {isa = PBXBuildFile; fileRef = E7FE427B2C4E90C300FE725A /* AppDelegate.swift */; };
		E7FE427E2C4E90C300FE725A /* SceneDelegate.swift in Sources */ = {isa = PBXBuildFile; fileRef = E7FE427D2C4E90C300FE725A /* SceneDelegate.swift */; };
		E7FE42852C4E90C400FE725A /* Assets.xcassets in Resources */ = {isa = PBXBuildFile; fileRef = E7FE42842C4E90C400FE725A /* Assets.xcassets */; };
		E7FE42882C4E90C400FE725A /* Base in Resources */ = {isa = PBXBuildFile; fileRef = E7FE42872C4E90C400FE725A /* Base */; };
		E7FE42922C4E96B900FE725A /* TabBarController.swift in Sources */ = {isa = PBXBuildFile; fileRef = E7FE42912C4E96B900FE725A /* TabBarController.swift */; };
		E7FE42942C4E976000FE725A /* TrackerViewController.swift in Sources */ = {isa = PBXBuildFile; fileRef = E7FE42932C4E976000FE725A /* TrackerViewController.swift */; };
		E7FE42992C4E9CE700FE725A /* StatisticViewController.swift in Sources */ = {isa = PBXBuildFile; fileRef = E7FE42982C4E9CE700FE725A /* StatisticViewController.swift */; };
		E7FE429C2C4FBB6300FE725A /* Tracker.swift in Sources */ = {isa = PBXBuildFile; fileRef = E7FE429B2C4FBB6300FE725A /* Tracker.swift */; };
		E7FE429E2C4FBC5500FE725A /* TrackerCategory.swift in Sources */ = {isa = PBXBuildFile; fileRef = E7FE429D2C4FBC5500FE725A /* TrackerCategory.swift */; };
		E7FE42A02C4FBC9D00FE725A /* TrackerRecord.swift in Sources */ = {isa = PBXBuildFile; fileRef = E7FE429F2C4FBC9D00FE725A /* TrackerRecord.swift */; };
/* End PBXBuildFile section */

/* Begin PBXFileReference section */
		E77CDB4F2C4FEAC0001658D1 /* TrackerCollectionViewCell.swift */ = {isa = PBXFileReference; lastKnownFileType = sourcecode.swift; path = TrackerCollectionViewCell.swift; sourceTree = "<group>"; };
		E77CDB522C4FF8B8001658D1 /* TrackerCollectionViewHeader.swift */ = {isa = PBXFileReference; lastKnownFileType = sourcecode.swift; path = TrackerCollectionViewHeader.swift; sourceTree = "<group>"; };
		E77CDB542C5110E6001658D1 /* CollectionParameters.swift */ = {isa = PBXFileReference; lastKnownFileType = sourcecode.swift; path = CollectionParameters.swift; sourceTree = "<group>"; };
		E77CDB572C514BC4001658D1 /* CreateNewTrackerViewController.swift */ = {isa = PBXFileReference; lastKnownFileType = sourcecode.swift; path = CreateNewTrackerViewController.swift; sourceTree = "<group>"; };
		E77CDB5A2C51556F001658D1 /* CreateNewTrackerDelegate.swift */ = {isa = PBXFileReference; lastKnownFileType = sourcecode.swift; path = CreateNewTrackerDelegate.swift; sourceTree = "<group>"; };
		E77CDB5D2C5155C4001658D1 /* TrackerViewControllerDelegate.swift */ = {isa = PBXFileReference; lastKnownFileType = sourcecode.swift; path = TrackerViewControllerDelegate.swift; sourceTree = "<group>"; };
		E77CDB602C523C80001658D1 /* CreateNewHabitViewController.swift */ = {isa = PBXFileReference; lastKnownFileType = sourcecode.swift; path = CreateNewHabitViewController.swift; sourceTree = "<group>"; };
		E77CDB632C523D6F001658D1 /* TrackerViewControllerProtocol.swift */ = {isa = PBXFileReference; lastKnownFileType = sourcecode.swift; path = TrackerViewControllerProtocol.swift; sourceTree = "<group>"; };
		E77CDB662C523F1B001658D1 /* CreateNewTrackerProtocol.swift */ = {isa = PBXFileReference; lastKnownFileType = sourcecode.swift; path = CreateNewTrackerProtocol.swift; sourceTree = "<group>"; };
		E77CDB692C5277BC001658D1 /* SettingsTableCell.swift */ = {isa = PBXFileReference; lastKnownFileType = sourcecode.swift; path = SettingsTableCell.swift; sourceTree = "<group>"; };
		E77CDB6C2C527A21001658D1 /* SettingsOptions.swift */ = {isa = PBXFileReference; lastKnownFileType = sourcecode.swift; path = SettingsOptions.swift; sourceTree = "<group>"; };
		E77CDB6F2C53DBBB001658D1 /* CategoryViewController.swift */ = {isa = PBXFileReference; lastKnownFileType = sourcecode.swift; path = CategoryViewController.swift; sourceTree = "<group>"; };
		E77CDB722C53DC59001658D1 /* CreateNewHabitProtocol.swift */ = {isa = PBXFileReference; lastKnownFileType = sourcecode.swift; path = CreateNewHabitProtocol.swift; sourceTree = "<group>"; };
		E77CDB752C53DD38001658D1 /* CreateNewHabitDelegate.swift */ = {isa = PBXFileReference; lastKnownFileType = sourcecode.swift; path = CreateNewHabitDelegate.swift; sourceTree = "<group>"; };
		E77CDB782C54F456001658D1 /* CreateCategoryViewController.swift */ = {isa = PBXFileReference; lastKnownFileType = sourcecode.swift; path = CreateCategoryViewController.swift; sourceTree = "<group>"; };
		E77CDB7B2C54F593001658D1 /* CategoryViewControllerProtocol.swift */ = {isa = PBXFileReference; lastKnownFileType = sourcecode.swift; path = CategoryViewControllerProtocol.swift; sourceTree = "<group>"; };
		E77CDB7E2C54F61F001658D1 /* CategoryDelegate.swift */ = {isa = PBXFileReference; lastKnownFileType = sourcecode.swift; path = CategoryDelegate.swift; sourceTree = "<group>"; };
		E77CDB812C54F995001658D1 /* CategoryService.swift */ = {isa = PBXFileReference; lastKnownFileType = sourcecode.swift; path = CategoryService.swift; sourceTree = "<group>"; };
		E77CDB842C55044F001658D1 /* CategoryTableCell.swift */ = {isa = PBXFileReference; lastKnownFileType = sourcecode.swift; path = CategoryTableCell.swift; sourceTree = "<group>"; };
		E77CDB872C56A449001658D1 /* ScheduleViewController.swift */ = {isa = PBXFileReference; lastKnownFileType = sourcecode.swift; path = ScheduleViewController.swift; sourceTree = "<group>"; };
		E77CDB8A2C56AA21001658D1 /* ScheduleTableCell.swift */ = {isa = PBXFileReference; lastKnownFileType = sourcecode.swift; path = ScheduleTableCell.swift; sourceTree = "<group>"; };
		E77CDB8D2C56ACD1001658D1 /* WeekDay.swift */ = {isa = PBXFileReference; lastKnownFileType = sourcecode.swift; path = WeekDay.swift; sourceTree = "<group>"; };
		E77CDB902C56ACF1001658D1 /* ScheduleTableCellDelegate.swift */ = {isa = PBXFileReference; lastKnownFileType = sourcecode.swift; path = ScheduleTableCellDelegate.swift; sourceTree = "<group>"; };
		E77CDB932C58EA86001658D1 /* EmojiCollectionView.swift */ = {isa = PBXFileReference; lastKnownFileType = sourcecode.swift; path = EmojiCollectionView.swift; sourceTree = "<group>"; };
		E77CDB952C58EADC001658D1 /* EmojiCollectionViewCell.swift */ = {isa = PBXFileReference; lastKnownFileType = sourcecode.swift; path = EmojiCollectionViewCell.swift; sourceTree = "<group>"; };
		E77CDB972C58ED26001658D1 /* EmojiCollectionHeaderView.swift */ = {isa = PBXFileReference; lastKnownFileType = sourcecode.swift; path = EmojiCollectionHeaderView.swift; sourceTree = "<group>"; };
		E7FE42782C4E90C300FE725A /* Tracker.app */ = {isa = PBXFileReference; explicitFileType = wrapper.application; includeInIndex = 0; path = Tracker.app; sourceTree = BUILT_PRODUCTS_DIR; };
		E7FE427B2C4E90C300FE725A /* AppDelegate.swift */ = {isa = PBXFileReference; lastKnownFileType = sourcecode.swift; path = AppDelegate.swift; sourceTree = "<group>"; };
		E7FE427D2C4E90C300FE725A /* SceneDelegate.swift */ = {isa = PBXFileReference; lastKnownFileType = sourcecode.swift; path = SceneDelegate.swift; sourceTree = "<group>"; };
		E7FE42842C4E90C400FE725A /* Assets.xcassets */ = {isa = PBXFileReference; lastKnownFileType = folder.assetcatalog; path = Assets.xcassets; sourceTree = "<group>"; };
		E7FE42872C4E90C400FE725A /* Base */ = {isa = PBXFileReference; lastKnownFileType = file.storyboard; name = Base; path = Base.lproj/LaunchScreen.storyboard; sourceTree = "<group>"; };
		E7FE42892C4E90C400FE725A /* Info.plist */ = {isa = PBXFileReference; lastKnownFileType = text.plist.xml; path = Info.plist; sourceTree = "<group>"; };
		E7FE42912C4E96B900FE725A /* TabBarController.swift */ = {isa = PBXFileReference; lastKnownFileType = sourcecode.swift; path = TabBarController.swift; sourceTree = "<group>"; };
		E7FE42932C4E976000FE725A /* TrackerViewController.swift */ = {isa = PBXFileReference; lastKnownFileType = sourcecode.swift; path = TrackerViewController.swift; sourceTree = "<group>"; };
		E7FE42982C4E9CE700FE725A /* StatisticViewController.swift */ = {isa = PBXFileReference; lastKnownFileType = sourcecode.swift; path = StatisticViewController.swift; sourceTree = "<group>"; };
		E7FE429B2C4FBB6300FE725A /* Tracker.swift */ = {isa = PBXFileReference; lastKnownFileType = sourcecode.swift; path = Tracker.swift; sourceTree = "<group>"; };
		E7FE429D2C4FBC5500FE725A /* TrackerCategory.swift */ = {isa = PBXFileReference; lastKnownFileType = sourcecode.swift; path = TrackerCategory.swift; sourceTree = "<group>"; };
		E7FE429F2C4FBC9D00FE725A /* TrackerRecord.swift */ = {isa = PBXFileReference; lastKnownFileType = sourcecode.swift; path = TrackerRecord.swift; sourceTree = "<group>"; };
/* End PBXFileReference section */

/* Begin PBXFrameworksBuildPhase section */
		E7FE42752C4E90C300FE725A /* Frameworks */ = {
			isa = PBXFrameworksBuildPhase;
			buildActionMask = 2147483647;
			files = (
			);
			runOnlyForDeploymentPostprocessing = 0;
		};
/* End PBXFrameworksBuildPhase section */

/* Begin PBXGroup section */
		E77CDB4C2C4FEA90001658D1 /* Cell */ = {
			isa = PBXGroup;
			children = (
				E77CDB4F2C4FEAC0001658D1 /* TrackerCollectionViewCell.swift */,
				E77CDB522C4FF8B8001658D1 /* TrackerCollectionViewHeader.swift */,
			);
			path = Cell;
			sourceTree = "<group>";
		};
		E77CDB512C4FEE0D001658D1 /* Service */ = {
			isa = PBXGroup;
			children = (
			);
			path = Service;
			sourceTree = "<group>";
		};
		E77CDB562C514B97001658D1 /* CreateNewTracker */ = {
			isa = PBXGroup;
			children = (
				E77CDB652C523EED001658D1 /* Protocol */,
				E77CDB5F2C523C5F001658D1 /* NewHabit */,
				E77CDB592C51555B001658D1 /* Delegate */,
				E77CDB572C514BC4001658D1 /* CreateNewTrackerViewController.swift */,
			);
			path = CreateNewTracker;
			sourceTree = "<group>";
		};
		E77CDB592C51555B001658D1 /* Delegate */ = {
			isa = PBXGroup;
			children = (
				E77CDB5A2C51556F001658D1 /* CreateNewTrackerDelegate.swift */,
			);
			path = Delegate;
			sourceTree = "<group>";
		};
		E77CDB5C2C5155B1001658D1 /* Delegate */ = {
			isa = PBXGroup;
			children = (
				E77CDB5D2C5155C4001658D1 /* TrackerViewControllerDelegate.swift */,
			);
			path = Delegate;
			sourceTree = "<group>";
		};
		E77CDB5F2C523C5F001658D1 /* NewHabit */ = {
			isa = PBXGroup;
			children = (
				E77CDB922C58EA6D001658D1 /* Emoji */,
				E77CDB862C56A430001658D1 /* Schedule */,
				E77CDB742C53DD18001658D1 /* Delegate */,
				E77CDB712C53DC4F001658D1 /* Protocol */,
				E77CDB6E2C53DBA3001658D1 /* Category */,
				E77CDB6B2C527A11001658D1 /* Structure */,
				E77CDB682C5277A6001658D1 /* Cell */,
				E77CDB602C523C80001658D1 /* CreateNewHabitViewController.swift */,
			);
			path = NewHabit;
			sourceTree = "<group>";
		};
		E77CDB622C523D5D001658D1 /* Protocol */ = {
			isa = PBXGroup;
			children = (
				E77CDB632C523D6F001658D1 /* TrackerViewControllerProtocol.swift */,
			);
			path = Protocol;
			sourceTree = "<group>";
		};
		E77CDB652C523EED001658D1 /* Protocol */ = {
			isa = PBXGroup;
			children = (
				E77CDB662C523F1B001658D1 /* CreateNewTrackerProtocol.swift */,
			);
			path = Protocol;
			sourceTree = "<group>";
		};
		E77CDB682C5277A6001658D1 /* Cell */ = {
			isa = PBXGroup;
			children = (
				E77CDB692C5277BC001658D1 /* SettingsTableCell.swift */,
				E77CDB952C58EADC001658D1 /* EmojiCollectionViewCell.swift */,
			);
			path = Cell;
			sourceTree = "<group>";
		};
		E77CDB6B2C527A11001658D1 /* Structure */ = {
			isa = PBXGroup;
			children = (
				E77CDB6C2C527A21001658D1 /* SettingsOptions.swift */,
			);
			path = Structure;
			sourceTree = "<group>";
		};
		E77CDB6E2C53DBA3001658D1 /* Category */ = {
			isa = PBXGroup;
			children = (
				E77CDB832C550431001658D1 /* Cell */,
				E77CDB7D2C54F5F5001658D1 /* Delegate */,
				E77CDB7A2C54F589001658D1 /* Protocol */,
				E77CDB772C54F435001658D1 /* CreateCategory */,
				E77CDB6F2C53DBBB001658D1 /* CategoryViewController.swift */,
			);
			path = Category;
			sourceTree = "<group>";
		};
		E77CDB712C53DC4F001658D1 /* Protocol */ = {
			isa = PBXGroup;
			children = (
				E77CDB722C53DC59001658D1 /* CreateNewHabitProtocol.swift */,
			);
			path = Protocol;
			sourceTree = "<group>";
		};
		E77CDB742C53DD18001658D1 /* Delegate */ = {
			isa = PBXGroup;
			children = (
				E77CDB752C53DD38001658D1 /* CreateNewHabitDelegate.swift */,
			);
			path = Delegate;
			sourceTree = "<group>";
		};
		E77CDB772C54F435001658D1 /* CreateCategory */ = {
			isa = PBXGroup;
			children = (
				E77CDB782C54F456001658D1 /* CreateCategoryViewController.swift */,
			);
			path = CreateCategory;
			sourceTree = "<group>";
		};
		E77CDB7A2C54F589001658D1 /* Protocol */ = {
			isa = PBXGroup;
			children = (
				E77CDB7B2C54F593001658D1 /* CategoryViewControllerProtocol.swift */,
			);
			path = Protocol;
			sourceTree = "<group>";
		};
		E77CDB7D2C54F5F5001658D1 /* Delegate */ = {
			isa = PBXGroup;
			children = (
				E77CDB7E2C54F61F001658D1 /* CategoryDelegate.swift */,
			);
			path = Delegate;
			sourceTree = "<group>";
		};
		E77CDB802C54F977001658D1 /* Service */ = {
			isa = PBXGroup;
			children = (
				E77CDB812C54F995001658D1 /* CategoryService.swift */,
			);
			name = Service;
			path = CreateNewTracker/NewHabit/Category/CreateCategory/Service;
			sourceTree = "<group>";
		};
		E77CDB832C550431001658D1 /* Cell */ = {
			isa = PBXGroup;
			children = (
				E77CDB842C55044F001658D1 /* CategoryTableCell.swift */,
			);
			path = Cell;
			sourceTree = "<group>";
		};
		E77CDB862C56A430001658D1 /* Schedule */ = {
			isa = PBXGroup;
			children = (
				E77CDB8F2C56ACEA001658D1 /* Delegate */,
				E77CDB8C2C56ACAE001658D1 /* Helpers */,
				E77CDB892C56AA14001658D1 /* Cell */,
				E77CDB872C56A449001658D1 /* ScheduleViewController.swift */,
			);
			path = Schedule;
			sourceTree = "<group>";
		};
		E77CDB892C56AA14001658D1 /* Cell */ = {
			isa = PBXGroup;
			children = (
				E77CDB8A2C56AA21001658D1 /* ScheduleTableCell.swift */,
			);
			path = Cell;
			sourceTree = "<group>";
		};
		E77CDB8C2C56ACAE001658D1 /* Helpers */ = {
			isa = PBXGroup;
			children = (
				E77CDB8D2C56ACD1001658D1 /* WeekDay.swift */,
			);
			path = Helpers;
			sourceTree = "<group>";
		};
		E77CDB8F2C56ACEA001658D1 /* Delegate */ = {
			isa = PBXGroup;
			children = (
				E77CDB902C56ACF1001658D1 /* ScheduleTableCellDelegate.swift */,
			);
			path = Delegate;
			sourceTree = "<group>";
		};
		E77CDB922C58EA6D001658D1 /* Emoji */ = {
			isa = PBXGroup;
			children = (
				E77CDB932C58EA86001658D1 /* EmojiCollectionView.swift */,
				E77CDB972C58ED26001658D1 /* EmojiCollectionHeaderView.swift */,
			);
			path = Emoji;
			sourceTree = "<group>";
		};
		E7FE426F2C4E90C300FE725A = {
			isa = PBXGroup;
			children = (
				E7FE427A2C4E90C300FE725A /* Tracker */,
				E7FE42792C4E90C300FE725A /* Products */,
			);
			sourceTree = "<group>";
		};
		E7FE42792C4E90C300FE725A /* Products */ = {
			isa = PBXGroup;
			children = (
				E7FE42782C4E90C300FE725A /* Tracker.app */,
			);
			name = Products;
			sourceTree = "<group>";
		};
		E7FE427A2C4E90C300FE725A /* Tracker */ = {
			isa = PBXGroup;
			children = (
				E7FE42962C4E9CB500FE725A /* Modules */,
				E7FE428F2C4E913E00FE725A /* Resources */,
				E7FE427B2C4E90C300FE725A /* AppDelegate.swift */,
				E7FE427D2C4E90C300FE725A /* SceneDelegate.swift */,
			);
			path = Tracker;
			sourceTree = "<group>";
		};
		E7FE428F2C4E913E00FE725A /* Resources */ = {
			isa = PBXGroup;
			children = (
				E7FE42842C4E90C400FE725A /* Assets.xcassets */,
				E7FE42862C4E90C400FE725A /* LaunchScreen.storyboard */,
				E7FE42892C4E90C400FE725A /* Info.plist */,
			);
			path = Resources;
			sourceTree = "<group>";
		};
		E7FE42902C4E96A500FE725A /* TabBar */ = {
			isa = PBXGroup;
			children = (
				E7FE42912C4E96B900FE725A /* TabBarController.swift */,
			);
			path = TabBar;
			sourceTree = "<group>";
		};
		E7FE42952C4E979A00FE725A /* Tracker */ = {
			isa = PBXGroup;
			children = (
				E77CDB802C54F977001658D1 /* Service */,
				E77CDB622C523D5D001658D1 /* Protocol */,
				E77CDB5C2C5155B1001658D1 /* Delegate */,
				E77CDB562C514B97001658D1 /* CreateNewTracker */,
				E77CDB512C4FEE0D001658D1 /* Service */,
				E77CDB4C2C4FEA90001658D1 /* Cell */,
				E7FE429A2C4FBB5200FE725A /* Structure */,
				E7FE42932C4E976000FE725A /* TrackerViewController.swift */,
			);
			path = Tracker;
			sourceTree = "<group>";
		};
		E7FE42962C4E9CB500FE725A /* Modules */ = {
			isa = PBXGroup;
			children = (
				E7FE42972C4E9CC400FE725A /* Statistic */,
				E7FE42952C4E979A00FE725A /* Tracker */,
				E7FE42902C4E96A500FE725A /* TabBar */,
			);
			path = Modules;
			sourceTree = "<group>";
		};
		E7FE42972C4E9CC400FE725A /* Statistic */ = {
			isa = PBXGroup;
			children = (
				E7FE42982C4E9CE700FE725A /* StatisticViewController.swift */,
			);
			path = Statistic;
			sourceTree = "<group>";
		};
		E7FE429A2C4FBB5200FE725A /* Structure */ = {
			isa = PBXGroup;
			children = (
				E7FE429B2C4FBB6300FE725A /* Tracker.swift */,
				E7FE429D2C4FBC5500FE725A /* TrackerCategory.swift */,
				E7FE429F2C4FBC9D00FE725A /* TrackerRecord.swift */,
				E77CDB542C5110E6001658D1 /* CollectionParameters.swift */,
			);
			path = Structure;
			sourceTree = "<group>";
		};
/* End PBXGroup section */

/* Begin PBXNativeTarget section */
		E7FE42772C4E90C300FE725A /* Tracker */ = {
			isa = PBXNativeTarget;
			buildConfigurationList = E7FE428C2C4E90C400FE725A /* Build configuration list for PBXNativeTarget "Tracker" */;
			buildPhases = (
				E7FE42742C4E90C300FE725A /* Sources */,
				E7FE42752C4E90C300FE725A /* Frameworks */,
				E7FE42762C4E90C300FE725A /* Resources */,
			);
			buildRules = (
			);
			dependencies = (
			);
			name = Tracker;
			productName = Tracker;
			productReference = E7FE42782C4E90C300FE725A /* Tracker.app */;
			productType = "com.apple.product-type.application";
		};
/* End PBXNativeTarget section */

/* Begin PBXProject section */
		E7FE42702C4E90C300FE725A /* Project object */ = {
			isa = PBXProject;
			attributes = {
				BuildIndependentTargetsInParallel = 1;
				LastSwiftUpdateCheck = 1540;
				LastUpgradeCheck = 1540;
				TargetAttributes = {
					E7FE42772C4E90C300FE725A = {
						CreatedOnToolsVersion = 15.4;
					};
				};
			};
			buildConfigurationList = E7FE42732C4E90C300FE725A /* Build configuration list for PBXProject "Tracker" */;
			compatibilityVersion = "Xcode 14.0";
			developmentRegion = en;
			hasScannedForEncodings = 0;
			knownRegions = (
				en,
				Base,
			);
			mainGroup = E7FE426F2C4E90C300FE725A;
			productRefGroup = E7FE42792C4E90C300FE725A /* Products */;
			projectDirPath = "";
			projectRoot = "";
			targets = (
				E7FE42772C4E90C300FE725A /* Tracker */,
			);
		};
/* End PBXProject section */

/* Begin PBXResourcesBuildPhase section */
		E7FE42762C4E90C300FE725A /* Resources */ = {
			isa = PBXResourcesBuildPhase;
			buildActionMask = 2147483647;
			files = (
				E7FE42852C4E90C400FE725A /* Assets.xcassets in Resources */,
				E7FE42882C4E90C400FE725A /* Base in Resources */,
			);
			runOnlyForDeploymentPostprocessing = 0;
		};
/* End PBXResourcesBuildPhase section */

/* Begin PBXSourcesBuildPhase section */
		E7FE42742C4E90C300FE725A /* Sources */ = {
			isa = PBXSourcesBuildPhase;
			buildActionMask = 2147483647;
			files = (
				E77CDB702C53DBBB001658D1 /* CategoryViewController.swift in Sources */,
				E77CDB5E2C5155C4001658D1 /* TrackerViewControllerDelegate.swift in Sources */,
				E7FE429C2C4FBB6300FE725A /* Tracker.swift in Sources */,
				E77CDB8B2C56AA21001658D1 /* ScheduleTableCell.swift in Sources */,
				E77CDB982C58ED26001658D1 /* EmojiCollectionHeaderView.swift in Sources */,
				E77CDB822C54F995001658D1 /* CategoryService.swift in Sources */,
				E77CDB792C54F456001658D1 /* CreateCategoryViewController.swift in Sources */,
				E7FE42A02C4FBC9D00FE725A /* TrackerRecord.swift in Sources */,
				E77CDB6A2C5277BC001658D1 /* SettingsTableCell.swift in Sources */,
				E77CDB7C2C54F593001658D1 /* CategoryViewControllerProtocol.swift in Sources */,
				E77CDB642C523D6F001658D1 /* TrackerViewControllerProtocol.swift in Sources */,
				E7FE42922C4E96B900FE725A /* TabBarController.swift in Sources */,
				E7FE42942C4E976000FE725A /* TrackerViewController.swift in Sources */,
				E77CDB8E2C56ACD1001658D1 /* WeekDay.swift in Sources */,
				E77CDB852C55044F001658D1 /* CategoryTableCell.swift in Sources */,
				E77CDB912C56ACF1001658D1 /* ScheduleTableCellDelegate.swift in Sources */,
				E77CDB942C58EA86001658D1 /* EmojiCollectionView.swift in Sources */,
				E77CDB962C58EADC001658D1 /* EmojiCollectionViewCell.swift in Sources */,
				E77CDB532C4FF8B8001658D1 /* TrackerCollectionViewHeader.swift in Sources */,
				E77CDB5B2C51556F001658D1 /* CreateNewTrackerDelegate.swift in Sources */,
				E77CDB7F2C54F61F001658D1 /* CategoryDelegate.swift in Sources */,
				E77CDB502C4FEAC0001658D1 /* TrackerCollectionViewCell.swift in Sources */,
				E77CDB552C5110E6001658D1 /* CollectionParameters.swift in Sources */,
				E77CDB762C53DD38001658D1 /* CreateNewHabitDelegate.swift in Sources */,
				E7FE427C2C4E90C300FE725A /* AppDelegate.swift in Sources */,
				E77CDB882C56A449001658D1 /* ScheduleViewController.swift in Sources */,
				E77CDB582C514BC4001658D1 /* CreateNewTrackerViewController.swift in Sources */,
				E7FE42992C4E9CE700FE725A /* StatisticViewController.swift in Sources */,
				E7FE427E2C4E90C300FE725A /* SceneDelegate.swift in Sources */,
				E7FE429E2C4FBC5500FE725A /* TrackerCategory.swift in Sources */,
				E77CDB6D2C527A21001658D1 /* SettingsOptions.swift in Sources */,
				E77CDB732C53DC59001658D1 /* CreateNewHabitProtocol.swift in Sources */,
				E77CDB672C523F1B001658D1 /* CreateNewTrackerProtocol.swift in Sources */,
				E77CDB612C523C80001658D1 /* CreateNewHabitViewController.swift in Sources */,
			);
			runOnlyForDeploymentPostprocessing = 0;
		};
/* End PBXSourcesBuildPhase section */

/* Begin PBXVariantGroup section */
		E7FE42862C4E90C400FE725A /* LaunchScreen.storyboard */ = {
			isa = PBXVariantGroup;
			children = (
				E7FE42872C4E90C400FE725A /* Base */,
			);
			name = LaunchScreen.storyboard;
			sourceTree = "<group>";
		};
/* End PBXVariantGroup section */

/* Begin XCBuildConfiguration section */
		E7FE428A2C4E90C400FE725A /* Debug */ = {
			isa = XCBuildConfiguration;
			buildSettings = {
				ALWAYS_SEARCH_USER_PATHS = NO;
				ASSETCATALOG_COMPILER_GENERATE_SWIFT_ASSET_SYMBOL_EXTENSIONS = YES;
				CLANG_ANALYZER_NONNULL = YES;
				CLANG_ANALYZER_NUMBER_OBJECT_CONVERSION = YES_AGGRESSIVE;
				CLANG_CXX_LANGUAGE_STANDARD = "gnu++20";
				CLANG_ENABLE_MODULES = YES;
				CLANG_ENABLE_OBJC_ARC = YES;
				CLANG_ENABLE_OBJC_WEAK = YES;
				CLANG_WARN_BLOCK_CAPTURE_AUTORELEASING = YES;
				CLANG_WARN_BOOL_CONVERSION = YES;
				CLANG_WARN_COMMA = YES;
				CLANG_WARN_CONSTANT_CONVERSION = YES;
				CLANG_WARN_DEPRECATED_OBJC_IMPLEMENTATIONS = YES;
				CLANG_WARN_DIRECT_OBJC_ISA_USAGE = YES_ERROR;
				CLANG_WARN_DOCUMENTATION_COMMENTS = YES;
				CLANG_WARN_EMPTY_BODY = YES;
				CLANG_WARN_ENUM_CONVERSION = YES;
				CLANG_WARN_INFINITE_RECURSION = YES;
				CLANG_WARN_INT_CONVERSION = YES;
				CLANG_WARN_NON_LITERAL_NULL_CONVERSION = YES;
				CLANG_WARN_OBJC_IMPLICIT_RETAIN_SELF = YES;
				CLANG_WARN_OBJC_LITERAL_CONVERSION = YES;
				CLANG_WARN_OBJC_ROOT_CLASS = YES_ERROR;
				CLANG_WARN_QUOTED_INCLUDE_IN_FRAMEWORK_HEADER = YES;
				CLANG_WARN_RANGE_LOOP_ANALYSIS = YES;
				CLANG_WARN_STRICT_PROTOTYPES = YES;
				CLANG_WARN_SUSPICIOUS_MOVE = YES;
				CLANG_WARN_UNGUARDED_AVAILABILITY = YES_AGGRESSIVE;
				CLANG_WARN_UNREACHABLE_CODE = YES;
				CLANG_WARN__DUPLICATE_METHOD_MATCH = YES;
				COPY_PHASE_STRIP = NO;
				DEBUG_INFORMATION_FORMAT = dwarf;
				ENABLE_STRICT_OBJC_MSGSEND = YES;
				ENABLE_TESTABILITY = YES;
				ENABLE_USER_SCRIPT_SANDBOXING = YES;
				GCC_C_LANGUAGE_STANDARD = gnu17;
				GCC_DYNAMIC_NO_PIC = NO;
				GCC_NO_COMMON_BLOCKS = YES;
				GCC_OPTIMIZATION_LEVEL = 0;
				GCC_PREPROCESSOR_DEFINITIONS = (
					"DEBUG=1",
					"$(inherited)",
				);
				GCC_WARN_64_TO_32_BIT_CONVERSION = YES;
				GCC_WARN_ABOUT_RETURN_TYPE = YES_ERROR;
				GCC_WARN_UNDECLARED_SELECTOR = YES;
				GCC_WARN_UNINITIALIZED_AUTOS = YES_AGGRESSIVE;
				GCC_WARN_UNUSED_FUNCTION = YES;
				GCC_WARN_UNUSED_VARIABLE = YES;
				IPHONEOS_DEPLOYMENT_TARGET = 17.5;
				LOCALIZATION_PREFERS_STRING_CATALOGS = YES;
				MTL_ENABLE_DEBUG_INFO = INCLUDE_SOURCE;
				MTL_FAST_MATH = YES;
				ONLY_ACTIVE_ARCH = YES;
				SDKROOT = iphoneos;
				SWIFT_ACTIVE_COMPILATION_CONDITIONS = "DEBUG $(inherited)";
				SWIFT_OPTIMIZATION_LEVEL = "-Onone";
			};
			name = Debug;
		};
		E7FE428B2C4E90C400FE725A /* Release */ = {
			isa = XCBuildConfiguration;
			buildSettings = {
				ALWAYS_SEARCH_USER_PATHS = NO;
				ASSETCATALOG_COMPILER_GENERATE_SWIFT_ASSET_SYMBOL_EXTENSIONS = YES;
				CLANG_ANALYZER_NONNULL = YES;
				CLANG_ANALYZER_NUMBER_OBJECT_CONVERSION = YES_AGGRESSIVE;
				CLANG_CXX_LANGUAGE_STANDARD = "gnu++20";
				CLANG_ENABLE_MODULES = YES;
				CLANG_ENABLE_OBJC_ARC = YES;
				CLANG_ENABLE_OBJC_WEAK = YES;
				CLANG_WARN_BLOCK_CAPTURE_AUTORELEASING = YES;
				CLANG_WARN_BOOL_CONVERSION = YES;
				CLANG_WARN_COMMA = YES;
				CLANG_WARN_CONSTANT_CONVERSION = YES;
				CLANG_WARN_DEPRECATED_OBJC_IMPLEMENTATIONS = YES;
				CLANG_WARN_DIRECT_OBJC_ISA_USAGE = YES_ERROR;
				CLANG_WARN_DOCUMENTATION_COMMENTS = YES;
				CLANG_WARN_EMPTY_BODY = YES;
				CLANG_WARN_ENUM_CONVERSION = YES;
				CLANG_WARN_INFINITE_RECURSION = YES;
				CLANG_WARN_INT_CONVERSION = YES;
				CLANG_WARN_NON_LITERAL_NULL_CONVERSION = YES;
				CLANG_WARN_OBJC_IMPLICIT_RETAIN_SELF = YES;
				CLANG_WARN_OBJC_LITERAL_CONVERSION = YES;
				CLANG_WARN_OBJC_ROOT_CLASS = YES_ERROR;
				CLANG_WARN_QUOTED_INCLUDE_IN_FRAMEWORK_HEADER = YES;
				CLANG_WARN_RANGE_LOOP_ANALYSIS = YES;
				CLANG_WARN_STRICT_PROTOTYPES = YES;
				CLANG_WARN_SUSPICIOUS_MOVE = YES;
				CLANG_WARN_UNGUARDED_AVAILABILITY = YES_AGGRESSIVE;
				CLANG_WARN_UNREACHABLE_CODE = YES;
				CLANG_WARN__DUPLICATE_METHOD_MATCH = YES;
				COPY_PHASE_STRIP = NO;
				DEBUG_INFORMATION_FORMAT = "dwarf-with-dsym";
				ENABLE_NS_ASSERTIONS = NO;
				ENABLE_STRICT_OBJC_MSGSEND = YES;
				ENABLE_USER_SCRIPT_SANDBOXING = YES;
				GCC_C_LANGUAGE_STANDARD = gnu17;
				GCC_NO_COMMON_BLOCKS = YES;
				GCC_WARN_64_TO_32_BIT_CONVERSION = YES;
				GCC_WARN_ABOUT_RETURN_TYPE = YES_ERROR;
				GCC_WARN_UNDECLARED_SELECTOR = YES;
				GCC_WARN_UNINITIALIZED_AUTOS = YES_AGGRESSIVE;
				GCC_WARN_UNUSED_FUNCTION = YES;
				GCC_WARN_UNUSED_VARIABLE = YES;
				IPHONEOS_DEPLOYMENT_TARGET = 17.5;
				LOCALIZATION_PREFERS_STRING_CATALOGS = YES;
				MTL_ENABLE_DEBUG_INFO = NO;
				MTL_FAST_MATH = YES;
				SDKROOT = iphoneos;
				SWIFT_COMPILATION_MODE = wholemodule;
				VALIDATE_PRODUCT = YES;
			};
			name = Release;
		};
		E7FE428D2C4E90C400FE725A /* Debug */ = {
			isa = XCBuildConfiguration;
			buildSettings = {
				ASSETCATALOG_COMPILER_APPICON_NAME = AppIcon;
				ASSETCATALOG_COMPILER_GLOBAL_ACCENT_COLOR_NAME = AccentColor;
				CODE_SIGN_STYLE = Automatic;
				CURRENT_PROJECT_VERSION = 1;
				DEVELOPMENT_TEAM = 4FJ3N2LV78;
				GENERATE_INFOPLIST_FILE = YES;
				INFOPLIST_FILE = Tracker/Resources/Info.plist;
				INFOPLIST_KEY_UIApplicationSupportsIndirectInputEvents = YES;
				INFOPLIST_KEY_UILaunchStoryboardName = LaunchScreen;
				INFOPLIST_KEY_UISupportedInterfaceOrientations = "UIInterfaceOrientationLandscapeLeft UIInterfaceOrientationLandscapeRight UIInterfaceOrientationPortrait";
				IPHONEOS_DEPLOYMENT_TARGET = 13.4;
				LD_RUNPATH_SEARCH_PATHS = (
					"$(inherited)",
					"@executable_path/Frameworks",
				);
				MARKETING_VERSION = 1.0;
				PRODUCT_BUNDLE_IDENTIFIER = "monk-dee.Tracker";
				PRODUCT_NAME = "$(TARGET_NAME)";
				SWIFT_EMIT_LOC_STRINGS = YES;
				SWIFT_VERSION = 5.0;
				TARGETED_DEVICE_FAMILY = "1,2";
			};
			name = Debug;
		};
		E7FE428E2C4E90C400FE725A /* Release */ = {
			isa = XCBuildConfiguration;
			buildSettings = {
				ASSETCATALOG_COMPILER_APPICON_NAME = AppIcon;
				ASSETCATALOG_COMPILER_GLOBAL_ACCENT_COLOR_NAME = AccentColor;
				CODE_SIGN_STYLE = Automatic;
				CURRENT_PROJECT_VERSION = 1;
				DEVELOPMENT_TEAM = 4FJ3N2LV78;
				GENERATE_INFOPLIST_FILE = YES;
				INFOPLIST_FILE = Tracker/Resources/Info.plist;
				INFOPLIST_KEY_UIApplicationSupportsIndirectInputEvents = YES;
				INFOPLIST_KEY_UILaunchStoryboardName = LaunchScreen;
				INFOPLIST_KEY_UISupportedInterfaceOrientations = "UIInterfaceOrientationLandscapeLeft UIInterfaceOrientationLandscapeRight UIInterfaceOrientationPortrait";
				IPHONEOS_DEPLOYMENT_TARGET = 13.4;
				LD_RUNPATH_SEARCH_PATHS = (
					"$(inherited)",
					"@executable_path/Frameworks",
				);
				MARKETING_VERSION = 1.0;
				PRODUCT_BUNDLE_IDENTIFIER = "monk-dee.Tracker";
				PRODUCT_NAME = "$(TARGET_NAME)";
				SWIFT_EMIT_LOC_STRINGS = YES;
				SWIFT_VERSION = 5.0;
				TARGETED_DEVICE_FAMILY = "1,2";
			};
			name = Release;
		};
/* End XCBuildConfiguration section */

/* Begin XCConfigurationList section */
		E7FE42732C4E90C300FE725A /* Build configuration list for PBXProject "Tracker" */ = {
			isa = XCConfigurationList;
			buildConfigurations = (
				E7FE428A2C4E90C400FE725A /* Debug */,
				E7FE428B2C4E90C400FE725A /* Release */,
			);
			defaultConfigurationIsVisible = 0;
			defaultConfigurationName = Release;
		};
		E7FE428C2C4E90C400FE725A /* Build configuration list for PBXNativeTarget "Tracker" */ = {
			isa = XCConfigurationList;
			buildConfigurations = (
				E7FE428D2C4E90C400FE725A /* Debug */,
				E7FE428E2C4E90C400FE725A /* Release */,
			);
			defaultConfigurationIsVisible = 0;
			defaultConfigurationName = Release;
		};
/* End XCConfigurationList section */
	};
	rootObject = E7FE42702C4E90C300FE725A /* Project object */;
}
